{
  "version": 4,
  "terraform_version": "1.2.3",
  "serial": 64,
  "lineage": "597c72ee-d7c6-7d66-5d5b-52236642b2b9",
  "outputs": {
    "bucket_domain_name": {
      "value": "228078008846-apse3-local-fspg-db-s3-example-public.s3.amazonaws.com",
      "type": "string"
    },
    "bucket_readme_url": {
      "value": "https://228078008846-apse3-local-fspg-db-s3-example-public.s3.amazonaws.com/README",
      "type": "string"
    }
  },
  "resources": [
    {
      "mode": "data",
      "type": "aws_canonical_user_id",
      "name": "current_account",
      "provider": "provider[\"registry.terraform.io/hashicorp/aws\"]",
      "instances": [
        {
          "schema_version": 0,
          "attributes": {
            "display_name": "",
            "id": "d58dc835bda4a3088755189e3d1b14ca53fe885ddd8059b180669785c902ec90"
          },
          "sensitive_attributes": []
        }
      ]
    },
    {
      "mode": "data",
      "type": "aws_vpcs",
      "name": "list",
      "provider": "provider[\"registry.terraform.io/hashicorp/aws\"]",
      "instances": [
        {
          "schema_version": 0,
          "attributes": {
            "filter": null,
            "id": "ap-southeast-3",
            "ids": [],
            "tags": {
              "deployment_environment_name": "local",
              "project_name": "fullstack-playground"
            }
          },
          "sensitive_attributes": []
        }
      ]
    },
    {
      "mode": "managed",
      "type": "aws_s3_bucket",
      "name": "example_public",
      "provider": "provider[\"registry.terraform.io/hashicorp/aws\"]",
      "instances": [
        {
          "schema_version": 0,
          "attributes": {
            "acceleration_status": null,
            "acl": null,
            "arn": "arn:aws:s3:::228078008846-apse3-local-fspg-db-s3-example-public",
            "bucket": "228078008846-apse3-local-fspg-db-s3-example-public",
            "bucket_domain_name": "228078008846-apse3-local-fspg-db-s3-example-public.s3.amazonaws.com",
            "bucket_prefix": null,
            "bucket_regional_domain_name": "228078008846-apse3-local-fspg-db-s3-example-public.s3.ap-southeast-3.amazonaws.com",
            "cors_rule": [],
            "force_destroy": true,
            "grant": [
              {
                "id": "",
                "permissions": [
                  "READ"
                ],
                "type": "Group",
                "uri": "http://acs.amazonaws.com/groups/global/AllUsers"
              }
            ],
            "hosted_zone_id": "Z01613992JD795ZI93075",
            "id": "228078008846-apse3-local-fspg-db-s3-example-public",
            "lifecycle_rule": [
              {
                "abort_incomplete_multipart_upload_days": 1,
                "enabled": true,
                "expiration": [
                  {
                    "date": "",
                    "days": 14,
                    "expired_object_delete_marker": false
                  }
                ],
                "id": "remove-all-objects-after-threshold",
                "noncurrent_version_expiration": [],
                "noncurrent_version_transition": [],
                "prefix": "",
                "tags": {},
                "transition": []
              }
            ],
            "logging": [],
            "object_lock_configuration": [],
            "object_lock_enabled": false,
            "policy": "",
            "region": "ap-southeast-3",
            "replication_configuration": [],
            "request_payer": "BucketOwner",
            "server_side_encryption_configuration": [],
            "tags": {},
            "tags_all": {
              "deployment_environment_name": "local",
              "deployment_environment_purpose": "Rapid local experimentation for individual developer",
              "module_name": "db-s3",
              "project_name": "fullstack-playground"
            },
            "versioning": [
              {
                "enabled": false,
                "mfa_delete": false
              }
            ],
            "website": [],
            "website_domain": null,
            "website_endpoint": null
          },
          "sensitive_attributes": [],
          "private": "bnVsbA=="
        }
      ]
    },
    {
      "mode": "managed",
      "type": "aws_s3_bucket_acl",
      "name": "example_public",
      "provider": "provider[\"registry.terraform.io/hashicorp/aws\"]",
      "instances": [
        {
          "schema_version": 0,
          "attributes": {
            "access_control_policy": [
              {
                "grant": [
                  {
                    "grantee": [
                      {
                        "display_name": "",
                        "email_address": "",
                        "id": "",
                        "type": "Group",
                        "uri": "http://acs.amazonaws.com/groups/global/AllUsers"
                      }
                    ],
                    "permission": "READ"
                  }
                ],
                "owner": [
                  {
                    "display_name": "",
                    "id": "d58dc835bda4a3088755189e3d1b14ca53fe885ddd8059b180669785c902ec90"
                  }
                ]
              }
            ],
            "acl": "",
            "bucket": "228078008846-apse3-local-fspg-db-s3-example-public",
            "expected_bucket_owner": "228078008846",
            "id": "228078008846-apse3-local-fspg-db-s3-example-public,228078008846"
          },
          "sensitive_attributes": [],
          "private": "bnVsbA==",
          "dependencies": [
            "aws_s3_bucket.example_public",
            "data.aws_canonical_user_id.current_account"
          ]
        }
      ]
    },
    {
      "mode": "managed",
      "type": "aws_s3_bucket_lifecycle_configuration",
      "name": "example",
      "provider": "provider[\"registry.terraform.io/hashicorp/aws\"]",
      "instances": [
        {
          "schema_version": 0,
          "attributes": {
            "bucket": "228078008846-apse3-local-fspg-db-s3-example-public",
            "expected_bucket_owner": "228078008846",
            "id": "228078008846-apse3-local-fspg-db-s3-example-public,228078008846",
            "rule": [
              {
                "abort_incomplete_multipart_upload": [
                  {
                    "days_after_initiation": 1
                  }
                ],
                "expiration": [
                  {
                    "date": "",
                    "days": 14,
                    "expired_object_delete_marker": false
                  }
                ],
                "filter": [
                  {
                    "and": [],
                    "object_size_greater_than": null,
                    "object_size_less_than": null,
                    "prefix": null,
                    "tag": []
                  }
                ],
                "id": "remove-all-objects-after-threshold",
                "noncurrent_version_expiration": [],
                "noncurrent_version_transition": [],
                "prefix": "",
                "status": "Enabled",
                "transition": []
              }
            ]
          },
          "sensitive_attributes": [],
          "private": "bnVsbA==",
          "dependencies": [
            "aws_s3_bucket.example_public"
          ]
        }
      ]
    },
    {
      "mode": "managed",
      "type": "aws_s3_object",
      "name": "readme",
      "provider": "provider[\"registry.terraform.io/hashicorp/aws\"]",
      "instances": [
        {
          "schema_version": 0,
          "attributes": {
            "acl": "public-read",
            "bucket": "228078008846-apse3-local-fspg-db-s3-example-public",
            "bucket_key_enabled": false,
            "cache_control": "",
            "content": null,
            "content_base64": null,
            "content_disposition": "",
            "content_encoding": "",
            "content_language": "",
            "content_type": "binary/octet-stream",
            "etag": "5d41402abc4b2a76b9719d911017c592",
            "force_destroy": false,
            "id": "README",
            "key": "README",
            "kms_key_id": null,
            "metadata": {},
            "object_lock_legal_hold_status": "",
            "object_lock_mode": "",
            "object_lock_retain_until_date": "",
            "server_side_encryption": "",
            "source": "uploaded-readme.txt",
            "source_hash": null,
            "storage_class": "STANDARD",
            "tags": {},
            "tags_all": {
              "deployment_environment_name": "local",
              "deployment_environment_purpose": "Rapid local experimentation for individual developer",
              "module_name": "db-s3",
              "project_name": "fullstack-playground"
            },
            "version_id": "",
            "website_redirect": ""
          },
          "sensitive_attributes": [],
          "private": "bnVsbA==",
          "dependencies": [
            "aws_s3_bucket.example_public"
          ]
        }
      ]
    }
  ]
}
