{
  "version": 4,
  "terraform_version": "1.2.3",
  "serial": 11,
  "lineage": "93f60fda-3ffa-d58a-6ae9-558c594e93fa",
  "outputs": {
    "dynamodb_table_name": {
      "value": "local-fullstack-playground-table",
      "type": "string"
    },
    "vpc_ids": {
      "value": [
        "vpc-0264c11ebf1b9a6d2"
      ],
      "type": [
        "list",
        "string"
      ]
    }
  },
  "resources": [
    {
      "mode": "data",
      "type": "aws_vpcs",
      "name": "list",
      "provider": "provider[\"registry.terraform.io/hashicorp/aws\"]",
      "instances": [
        {
          "schema_version": 0,
          "attributes": {
            "filter": null,
            "id": "ap-southeast-1",
            "ids": [
              "vpc-0264c11ebf1b9a6d2"
            ],
            "tags": {
              "deployment_environment_name": "local",
              "project_name": "fullstack-playground"
            }
          },
          "sensitive_attributes": []
        }
      ]
    },
    {
      "mode": "managed",
      "type": "aws_dynamodb_table",
      "name": "example",
      "provider": "provider[\"registry.terraform.io/hashicorp/aws\"]",
      "instances": [
        {
          "schema_version": 1,
          "attributes": {
            "arn": "arn:aws:dynamodb:ap-southeast-1:228078008846:table/local-fullstack-playground-table",
            "attribute": [
              {
                "name": "gsi_1",
                "type": "S"
              },
              {
                "name": "lsi_1",
                "type": "S"
              },
              {
                "name": "pk",
                "type": "S"
              },
              {
                "name": "sk",
                "type": "S"
              }
            ],
            "billing_mode": "PAY_PER_REQUEST",
            "global_secondary_index": [
              {
                "hash_key": "gsi_1",
                "name": "gsi1",
                "non_key_attributes": [],
                "projection_type": "ALL",
                "range_key": "sk",
                "read_capacity": 0,
                "write_capacity": 0
              }
            ],
            "hash_key": "pk",
            "id": "local-fullstack-playground-table",
            "local_secondary_index": [
              {
                "name": "lsi1",
                "non_key_attributes": [],
                "projection_type": "ALL",
                "range_key": "lsi_1"
              }
            ],
            "name": "local-fullstack-playground-table",
            "point_in_time_recovery": [
              {
                "enabled": true
              }
            ],
            "range_key": "sk",
            "read_capacity": 0,
            "replica": [],
            "restore_date_time": null,
            "restore_source_name": null,
            "restore_to_latest_time": null,
            "server_side_encryption": [],
            "stream_arn": "",
            "stream_enabled": false,
            "stream_label": "",
            "stream_view_type": "",
            "table_class": "STANDARD",
            "tags": {},
            "tags_all": {
              "deployment_environment_name": "local",
              "deployment_environment_purpose": "Rapid local experimentation for individual developer",
              "module_name": "db-dynamo",
              "project_name": "fullstack-playground"
            },
            "timeouts": null,
            "ttl": [
              {
                "attribute_name": "item_ttl_at",
                "enabled": true
              }
            ],
            "write_capacity": 0
          },
          "sensitive_attributes": [],
          "private": "eyJlMmJmYjczMC1lY2FhLTExZTYtOGY4OC0zNDM2M2JjN2M0YzAiOnsiY3JlYXRlIjoxODAwMDAwMDAwMDAwLCJkZWxldGUiOjYwMDAwMDAwMDAwMCwidXBkYXRlIjozNjAwMDAwMDAwMDAwfSwic2NoZW1hX3ZlcnNpb24iOiIxIn0="
        }
      ]
    }
  ]
}
