{
  "version": 4,
  "terraform_version": "1.2.4",
  "serial": 28,
  "lineage": "4b4988a3-1c48-233e-d5f3-d01e6bd4c551",
  "outputs": {
    "default_user_pool_url": {
      "value": "https://228078008846-local-fspg-default-domain.auth.ap-southeast-1.amazoncognito.com/login?client_id=5cqihvvtt8dlb9ui95bmhebs1l\u0026response_type=token\u0026scope=email+openid\u0026redirect_uri=https://dotm.github.io",
      "type": "string"
    },
    "vpc_ids": {
      "value": [
        "vpc-0264c11ebf1b9a6d2"
      ],
      "type": [
        "list",
        "string"
      ]
    }
  },
  "resources": [
    {
      "mode": "data",
      "type": "aws_vpcs",
      "name": "list",
      "provider": "provider[\"registry.terraform.io/hashicorp/aws\"]",
      "instances": [
        {
          "schema_version": 0,
          "attributes": {
            "filter": null,
            "id": "ap-southeast-1",
            "ids": [
              "vpc-0264c11ebf1b9a6d2"
            ],
            "tags": {
              "deployment_environment_name": "local",
              "project_name": "fullstack-playground"
            }
          },
          "sensitive_attributes": []
        }
      ]
    },
    {
      "mode": "managed",
      "type": "aws_cognito_user_pool",
      "name": "default_user_pool",
      "provider": "provider[\"registry.terraform.io/hashicorp/aws\"]",
      "instances": [
        {
          "schema_version": 0,
          "attributes": {
            "account_recovery_setting": [
              {
                "recovery_mechanism": [
                  {
                    "name": "verified_email",
                    "priority": 1
                  }
                ]
              }
            ],
            "admin_create_user_config": [
              {
                "allow_admin_create_user_only": false,
                "invite_message_template": [
                  {
                    "email_message": "Your username is {username} and your temporary password is {####}.",
                    "email_subject": "You've been invited to register.",
                    "sms_message": "Your username is {username} and your temporary password is {####}."
                  }
                ]
              }
            ],
            "alias_attributes": [
              "email"
            ],
            "arn": "arn:aws:cognito-idp:ap-southeast-1:228078008846:userpool/ap-southeast-1_x52Qu0boL",
            "auto_verified_attributes": [
              "email"
            ],
            "creation_date": "2022-07-25T01:07:11Z",
            "custom_domain": "",
            "device_configuration": [],
            "domain": "228078008846-local-fspg-default-domain",
            "email_configuration": [
              {
                "configuration_set": "",
                "email_sending_account": "COGNITO_DEFAULT",
                "from_email_address": "",
                "reply_to_email_address": "",
                "source_arn": ""
              }
            ],
            "email_verification_message": "Your confirmation code is {####}",
            "email_verification_subject": "Confirmation Code",
            "endpoint": "cognito-idp.ap-southeast-1.amazonaws.com/ap-southeast-1_x52Qu0boL",
            "estimated_number_of_users": 0,
            "id": "ap-southeast-1_x52Qu0boL",
            "lambda_config": [],
            "last_modified_date": "2022-07-25T01:07:11Z",
            "mfa_configuration": "OFF",
            "name": "default_user_pool",
            "password_policy": [
              {
                "minimum_length": 6,
                "require_lowercase": false,
                "require_numbers": false,
                "require_symbols": false,
                "require_uppercase": false,
                "temporary_password_validity_days": 7
              }
            ],
            "schema": [
              {
                "attribute_data_type": "String",
                "developer_only_attribute": false,
                "mutable": true,
                "name": "email",
                "number_attribute_constraints": [],
                "required": false,
                "string_attribute_constraints": [
                  {
                    "max_length": "100",
                    "min_length": "1"
                  }
                ]
              }
            ],
            "sms_authentication_message": null,
            "sms_configuration": [],
            "sms_verification_message": null,
            "software_token_mfa_configuration": [],
            "tags": {},
            "tags_all": {
              "deployment_environment_name": "local",
              "deployment_environment_purpose": "Rapid local experimentation for individual developer",
              "module_name": "sec-auth-cognito",
              "project_name": "fullstack-playground"
            },
            "user_pool_add_ons": [],
            "username_attributes": null,
            "username_configuration": [
              {
                "case_sensitive": false
              }
            ],
            "verification_message_template": [
              {
                "default_email_option": "CONFIRM_WITH_CODE",
                "email_message": "Your confirmation code is {####}",
                "email_message_by_link": "",
                "email_subject": "Confirmation Code",
                "email_subject_by_link": "",
                "sms_message": ""
              }
            ]
          },
          "sensitive_attributes": [],
          "private": "bnVsbA=="
        }
      ]
    },
    {
      "mode": "managed",
      "type": "aws_cognito_user_pool_client",
      "name": "default_user_pool_client",
      "provider": "provider[\"registry.terraform.io/hashicorp/aws\"]",
      "instances": [
        {
          "schema_version": 0,
          "attributes": {
            "access_token_validity": 1,
            "allowed_oauth_flows": [
              "code",
              "implicit"
            ],
            "allowed_oauth_flows_user_pool_client": true,
            "allowed_oauth_scopes": [
              "email",
              "openid"
            ],
            "analytics_configuration": [],
            "callback_urls": [
              "https://dotm.github.io"
            ],
            "client_secret": "",
            "default_redirect_uri": "https://dotm.github.io",
            "enable_propagate_additional_user_context_data": false,
            "enable_token_revocation": true,
            "explicit_auth_flows": [],
            "generate_secret": false,
            "id": "5cqihvvtt8dlb9ui95bmhebs1l",
            "id_token_validity": 1,
            "logout_urls": [
              "https://dotm.github.io"
            ],
            "name": "default_user_pool_client",
            "prevent_user_existence_errors": "ENABLED",
            "read_attributes": [],
            "refresh_token_validity": 24,
            "supported_identity_providers": [
              "COGNITO"
            ],
            "token_validity_units": [
              {
                "access_token": "hours",
                "id_token": "hours",
                "refresh_token": "hours"
              }
            ],
            "user_pool_id": "ap-southeast-1_x52Qu0boL",
            "write_attributes": []
          },
          "sensitive_attributes": [],
          "private": "bnVsbA==",
          "dependencies": [
            "aws_cognito_user_pool.default_user_pool"
          ]
        }
      ]
    },
    {
      "mode": "managed",
      "type": "aws_cognito_user_pool_domain",
      "name": "default",
      "provider": "provider[\"registry.terraform.io/hashicorp/aws\"]",
      "instances": [
        {
          "schema_version": 0,
          "attributes": {
            "aws_account_id": "228078008846",
            "certificate_arn": "",
            "cloudfront_distribution_arn": "d3ownpzpj4jdb9.cloudfront.net",
            "domain": "228078008846-local-fspg-default-domain",
            "id": "228078008846-local-fspg-default-domain",
            "s3_bucket": "aws-cognito-prod-sin-assets",
            "user_pool_id": "ap-southeast-1_x52Qu0boL",
            "version": "20220725010909"
          },
          "sensitive_attributes": [],
          "private": "bnVsbA==",
          "dependencies": [
            "aws_cognito_user_pool.default_user_pool"
          ]
        }
      ]
    }
  ]
}
