{
  "version": 4,
  "terraform_version": "1.2.3",
  "serial": 7,
  "lineage": "c4b09e70-4734-0fb7-4281-db8e37ddd63e",
  "outputs": {},
  "resources": [
    {
      "mode": "data",
      "type": "archive_file",
      "name": "lambda_zip_example",
      "provider": "provider[\"registry.terraform.io/hashicorp/archive\"]",
      "instances": [
        {
          "schema_version": 0,
          "attributes": {
            "excludes": null,
            "id": "5bb1a66ed6e553ebd7e54b7981265ad55e6ebada",
            "output_base64sha256": "1lTsOrFlv2QnNkwUWgKaax9rhJ0WAFQaZtCrY7x4HOI=",
            "output_file_mode": null,
            "output_md5": "17ce16dc4150d3ba3c3c866bf1295014",
            "output_path": "./index.zip",
            "output_sha": "5bb1a66ed6e553ebd7e54b7981265ad55e6ebada",
            "output_size": 259,
            "source": [],
            "source_content": null,
            "source_content_filename": null,
            "source_dir": null,
            "source_file": "./index.js",
            "type": "zip"
          },
          "sensitive_attributes": []
        }
      ]
    },
    {
      "mode": "managed",
      "type": "aws_cloudwatch_log_group",
      "name": "lambda_zip_example",
      "provider": "provider[\"registry.terraform.io/hashicorp/aws\"]",
      "instances": [
        {
          "schema_version": 0,
          "attributes": {
            "arn": "arn:aws:logs:ap-southeast-1:228078008846:log-group:/aws/lambda/lambda_zip_example",
            "id": "/aws/lambda/lambda_zip_example",
            "kms_key_id": "",
            "name": "/aws/lambda/lambda_zip_example",
            "name_prefix": null,
            "retention_in_days": 30,
            "tags": {},
            "tags_all": {
              "deployment_environment_name": "local",
              "deployment_environment_purpose": "Rapid local experimentation for individual developer",
              "module_name": "0-standalone-resource-examples",
              "project_name": "fullstack-playground"
            }
          },
          "sensitive_attributes": [],
          "private": "bnVsbA==",
          "dependencies": [
            "aws_iam_role.lambda_zip_example",
            "aws_lambda_function.lambda_zip_example",
            "data.archive_file.lambda_zip_example"
          ]
        }
      ]
    },
    {
      "mode": "managed",
      "type": "aws_iam_role",
      "name": "lambda_zip_example",
      "provider": "provider[\"registry.terraform.io/hashicorp/aws\"]",
      "instances": [
        {
          "schema_version": 0,
          "attributes": {
            "arn": "arn:aws:iam::228078008846:role/lambda_zip_example",
            "assume_role_policy": "{\"Version\":\"2012-10-17\",\"Statement\":[{\"Sid\":\"\",\"Effect\":\"Allow\",\"Principal\":{\"Service\":\"lambda.amazonaws.com\"},\"Action\":\"sts:AssumeRole\"}]}",
            "create_date": "2022-06-23T04:03:45Z",
            "description": "",
            "force_detach_policies": false,
            "id": "lambda_zip_example",
            "inline_policy": [
              {
                "name": "",
                "policy": ""
              }
            ],
            "managed_policy_arns": [
              "arn:aws:iam::aws:policy/service-role/AWSLambdaBasicExecutionRole"
            ],
            "max_session_duration": 3600,
            "name": "lambda_zip_example",
            "name_prefix": "",
            "path": "/",
            "permissions_boundary": null,
            "tags": {},
            "tags_all": {
              "deployment_environment_name": "local",
              "deployment_environment_purpose": "Rapid local experimentation for individual developer",
              "module_name": "0-standalone-resource-examples",
              "project_name": "fullstack-playground"
            },
            "unique_id": "AROATKGUCHIHOIKFSU2VB"
          },
          "sensitive_attributes": [],
          "private": "bnVsbA=="
        }
      ]
    },
    {
      "mode": "managed",
      "type": "aws_iam_role_policy_attachment",
      "name": "lambda_policy",
      "provider": "provider[\"registry.terraform.io/hashicorp/aws\"]",
      "instances": [
        {
          "schema_version": 0,
          "attributes": {
            "id": "lambda_zip_example-20220623040347001700000001",
            "policy_arn": "arn:aws:iam::aws:policy/service-role/AWSLambdaBasicExecutionRole",
            "role": "lambda_zip_example"
          },
          "sensitive_attributes": [],
          "private": "bnVsbA==",
          "dependencies": [
            "aws_iam_role.lambda_zip_example"
          ]
        }
      ]
    },
    {
      "mode": "managed",
      "type": "aws_lambda_function",
      "name": "lambda_zip_example",
      "provider": "provider[\"registry.terraform.io/hashicorp/aws\"]",
      "instances": [
        {
          "schema_version": 0,
          "attributes": {
            "architectures": [
              "x86_64"
            ],
            "arn": "arn:aws:lambda:ap-southeast-1:228078008846:function:lambda_zip_example",
            "code_signing_config_arn": "",
            "dead_letter_config": [],
            "description": "Demonstrating how to deploy lambda using zip file",
            "environment": [
              {
                "variables": {
                  "deployment_environment_name": "local",
                  "deployment_environment_purpose": "Rapid local experimentation for individual developer",
                  "module_name": "0-standalone-resource-examples",
                  "project_name": "fullstack-playground"
                }
              }
            ],
            "ephemeral_storage": [
              {
                "size": 512
              }
            ],
            "file_system_config": [],
            "filename": "./index.zip",
            "function_name": "lambda_zip_example",
            "handler": "index.handler",
            "id": "lambda_zip_example",
            "image_config": [],
            "image_uri": "",
            "invoke_arn": "arn:aws:apigateway:ap-southeast-1:lambda:path/2015-03-31/functions/arn:aws:lambda:ap-southeast-1:228078008846:function:lambda_zip_example/invocations",
            "kms_key_arn": "",
            "last_modified": "2022-06-23T04:09:41.000+0000",
            "layers": [],
            "memory_size": 128,
            "package_type": "Zip",
            "publish": true,
            "qualified_arn": "arn:aws:lambda:ap-southeast-1:228078008846:function:lambda_zip_example:2",
            "reserved_concurrent_executions": -1,
            "role": "arn:aws:iam::228078008846:role/lambda_zip_example",
            "runtime": "nodejs16.x",
            "s3_bucket": null,
            "s3_key": null,
            "s3_object_version": null,
            "signing_job_arn": "",
            "signing_profile_version_arn": "",
            "source_code_hash": "1lTsOrFlv2QnNkwUWgKaax9rhJ0WAFQaZtCrY7x4HOI=",
            "source_code_size": 259,
            "tags": {},
            "tags_all": {
              "deployment_environment_name": "local",
              "deployment_environment_purpose": "Rapid local experimentation for individual developer",
              "module_name": "0-standalone-resource-examples",
              "project_name": "fullstack-playground"
            },
            "timeout": 3,
            "timeouts": null,
            "tracing_config": [
              {
                "mode": "PassThrough"
              }
            ],
            "version": "2",
            "vpc_config": []
          },
          "sensitive_attributes": [],
          "private": "eyJlMmJmYjczMC1lY2FhLTExZTYtOGY4OC0zNDM2M2JjN2M0YzAiOnsiY3JlYXRlIjo2MDAwMDAwMDAwMDB9fQ==",
          "dependencies": [
            "aws_iam_role.lambda_zip_example",
            "data.archive_file.lambda_zip_example"
          ]
        }
      ]
    }
  ]
}
