{
  "version": 4,
  "terraform_version": "1.2.3",
  "serial": 34,
  "lineage": "a059f626-bfc2-8fb2-8213-6fa3f5b6892e",
  "outputs": {
    "ec2_public_ips": {
      "value": [],
      "type": [
        "tuple",
        []
      ]
    },
    "private_subnet_ids": {
      "value": [
        "subnet-019f3ffa51de0f5d3",
        "subnet-04a597d21c2b3ca87",
        "subnet-0d11415907481a0de"
      ],
      "type": [
        "list",
        "string"
      ]
    },
    "public_subnet_ids": {
      "value": [
        "subnet-08b7d84fd08a315b5",
        "subnet-0ba338e63ad7bc2ca",
        "subnet-01c8c8d219aa76e04"
      ],
      "type": [
        "list",
        "string"
      ]
    },
    "vpc_ids": {
      "value": [
        "vpc-0264c11ebf1b9a6d2"
      ],
      "type": [
        "list",
        "string"
      ]
    },
    "vpc_restricted_sg_ids": {
      "value": [
        "sg-0047c90ae1e9e5f89"
      ],
      "type": [
        "list",
        "string"
      ]
    }
  },
  "resources": [
    {
      "mode": "data",
      "type": "aws_security_groups",
      "name": "main_vpc_allow_all_sg",
      "provider": "provider[\"registry.terraform.io/hashicorp/aws\"]",
      "instances": [
        {
          "schema_version": 0,
          "attributes": {
            "arns": [
              "arn:aws:ec2:ap-southeast-1:228078008846:security-group/sg-011339ed7e14d9324"
            ],
            "filter": [
              {
                "name": "tag:Name",
                "values": [
                  "Allow All"
                ]
              }
            ],
            "id": "ap-southeast-1",
            "ids": [
              "sg-011339ed7e14d9324"
            ],
            "tags": {
              "deployment_environment_name": "local",
              "project_name": "fullstack-playground"
            },
            "vpc_ids": [
              "vpc-0264c11ebf1b9a6d2"
            ]
          },
          "sensitive_attributes": []
        }
      ]
    },
    {
      "mode": "data",
      "type": "aws_security_groups",
      "name": "main_vpc_restricted_sg",
      "provider": "provider[\"registry.terraform.io/hashicorp/aws\"]",
      "instances": [
        {
          "schema_version": 0,
          "attributes": {
            "arns": [
              "arn:aws:ec2:ap-southeast-1:228078008846:security-group/sg-0047c90ae1e9e5f89"
            ],
            "filter": [
              {
                "name": "tag:Name",
                "values": [
                  "Restricted SG"
                ]
              }
            ],
            "id": "ap-southeast-1",
            "ids": [
              "sg-0047c90ae1e9e5f89"
            ],
            "tags": {
              "deployment_environment_name": "local",
              "project_name": "fullstack-playground"
            },
            "vpc_ids": [
              "vpc-0264c11ebf1b9a6d2"
            ]
          },
          "sensitive_attributes": []
        }
      ]
    },
    {
      "mode": "data",
      "type": "aws_subnets",
      "name": "list_private",
      "provider": "provider[\"registry.terraform.io/hashicorp/aws\"]",
      "instances": [
        {
          "schema_version": 0,
          "attributes": {
            "filter": [
              {
                "name": "tag:Name",
                "values": [
                  "*private*"
                ]
              }
            ],
            "id": "ap-southeast-1",
            "ids": [
              "subnet-019f3ffa51de0f5d3",
              "subnet-04a597d21c2b3ca87",
              "subnet-0d11415907481a0de"
            ],
            "tags": {
              "deployment_environment_name": "local",
              "project_name": "fullstack-playground"
            }
          },
          "sensitive_attributes": []
        }
      ]
    },
    {
      "mode": "data",
      "type": "aws_subnets",
      "name": "list_public",
      "provider": "provider[\"registry.terraform.io/hashicorp/aws\"]",
      "instances": [
        {
          "schema_version": 0,
          "attributes": {
            "filter": [
              {
                "name": "tag:Name",
                "values": [
                  "*public*"
                ]
              }
            ],
            "id": "ap-southeast-1",
            "ids": [
              "subnet-08b7d84fd08a315b5",
              "subnet-0ba338e63ad7bc2ca",
              "subnet-01c8c8d219aa76e04"
            ],
            "tags": {
              "deployment_environment_name": "local",
              "project_name": "fullstack-playground"
            }
          },
          "sensitive_attributes": []
        }
      ]
    },
    {
      "mode": "data",
      "type": "aws_vpcs",
      "name": "list",
      "provider": "provider[\"registry.terraform.io/hashicorp/aws\"]",
      "instances": [
        {
          "schema_version": 0,
          "attributes": {
            "filter": null,
            "id": "ap-southeast-1",
            "ids": [
              "vpc-0264c11ebf1b9a6d2"
            ],
            "tags": {
              "deployment_environment_name": "local",
              "project_name": "fullstack-playground"
            }
          },
          "sensitive_attributes": []
        }
      ]
    },
    {
      "mode": "managed",
      "type": "aws_iam_instance_profile",
      "name": "test",
      "provider": "provider[\"registry.terraform.io/hashicorp/aws\"]",
      "instances": [
        {
          "schema_version": 0,
          "attributes": {
            "arn": "arn:aws:iam::228078008846:instance-profile/test_instance_profile",
            "create_date": "2022-06-21T12:53:18Z",
            "id": "test_instance_profile",
            "name": "test_instance_profile",
            "name_prefix": null,
            "path": "/",
            "role": "test_instance_role_for_ec2",
            "tags": {},
            "tags_all": {
              "deployment_environment_name": "local",
              "deployment_environment_purpose": "Rapid local experimentation for individual developer",
              "module_name": "app-be-ec2",
              "project_name": "fullstack-playground"
            },
            "unique_id": "AIPATKGUCHIHMJOE4IQOG"
          },
          "sensitive_attributes": [],
          "private": "bnVsbA==",
          "dependencies": [
            "aws_iam_role.ec2_test"
          ]
        }
      ]
    },
    {
      "mode": "managed",
      "type": "aws_iam_role",
      "name": "ec2_test",
      "provider": "provider[\"registry.terraform.io/hashicorp/aws\"]",
      "instances": [
        {
          "schema_version": 0,
          "attributes": {
            "arn": "arn:aws:iam::228078008846:role/test_instance_role_for_ec2",
            "assume_role_policy": "{\"Version\":\"2012-10-17\",\"Statement\":[{\"Sid\":\"\",\"Effect\":\"Allow\",\"Principal\":{\"Service\":\"ec2.amazonaws.com\"},\"Action\":\"sts:AssumeRole\"}]}",
            "create_date": "2022-06-21T12:53:16Z",
            "description": "",
            "force_detach_policies": false,
            "id": "test_instance_role_for_ec2",
            "inline_policy": [
              {
                "name": "sample_inline_policy",
                "policy": "{\r\n  \"Version\": \"2012-10-17\",\r\n  \"Statement\": [\r\n    {\r\n      \"Sid\": \"VisualEditor1\",\r\n      \"Effect\": \"Allow\",\r\n      \"Action\": \"s3:*\",\r\n      \"Resource\": \"*\"\r\n    }\r\n  ]\r\n}\r\n"
              }
            ],
            "managed_policy_arns": [
              "arn:aws:iam::aws:policy/CloudWatchAgentServerPolicy"
            ],
            "max_session_duration": 3600,
            "name": "test_instance_role_for_ec2",
            "name_prefix": "",
            "path": "/",
            "permissions_boundary": null,
            "tags": {},
            "tags_all": {
              "deployment_environment_name": "local",
              "deployment_environment_purpose": "Rapid local experimentation for individual developer",
              "module_name": "app-be-ec2",
              "project_name": "fullstack-playground"
            },
            "unique_id": "AROATKGUCHIHHHNULFPBG"
          },
          "sensitive_attributes": [],
          "private": "bnVsbA=="
        }
      ]
    },
    {
      "mode": "managed",
      "type": "aws_iam_role_policy",
      "name": "process_clip_service_s3_full_access_policy",
      "provider": "provider[\"registry.terraform.io/hashicorp/aws\"]",
      "instances": [
        {
          "schema_version": 0,
          "attributes": {
            "id": "test_instance_role_for_ec2:sample_inline_policy",
            "name": "sample_inline_policy",
            "name_prefix": null,
            "policy": "{\r\n  \"Version\": \"2012-10-17\",\r\n  \"Statement\": [\r\n    {\r\n      \"Sid\": \"VisualEditor1\",\r\n      \"Effect\": \"Allow\",\r\n      \"Action\": \"s3:*\",\r\n      \"Resource\": \"*\"\r\n    }\r\n  ]\r\n}\r\n",
            "role": "test_instance_role_for_ec2"
          },
          "sensitive_attributes": [],
          "private": "bnVsbA==",
          "dependencies": [
            "aws_iam_role.ec2_test"
          ]
        }
      ]
    },
    {
      "mode": "managed",
      "type": "aws_iam_role_policy_attachment",
      "name": "attach_cloudwatch_agent_server_policy_to_test",
      "provider": "provider[\"registry.terraform.io/hashicorp/aws\"]",
      "instances": [
        {
          "schema_version": 0,
          "attributes": {
            "id": "test_instance_role_for_ec2-20220621125316207600000001",
            "policy_arn": "arn:aws:iam::aws:policy/CloudWatchAgentServerPolicy",
            "role": "test_instance_role_for_ec2"
          },
          "sensitive_attributes": [],
          "private": "bnVsbA==",
          "dependencies": [
            "aws_iam_role.ec2_test"
          ]
        }
      ]
    },
    {
      "mode": "managed",
      "type": "aws_key_pair",
      "name": "default",
      "provider": "provider[\"registry.terraform.io/hashicorp/aws\"]",
      "instances": [
        {
          "schema_version": 1,
          "attributes": {
            "arn": "arn:aws:ec2:ap-southeast-1:228078008846:key-pair/default_keypair",
            "fingerprint": "5f:6c:16:1c:27:80:c5:ea:60:7b:40:d0:f4:16:ed:77",
            "id": "default_keypair",
            "key_name": "default_keypair",
            "key_name_prefix": "",
            "key_pair_id": "key-0152f1032b65b71f5",
            "public_key": "ssh-rsa AAAAB3NzaC1yc2EAAAADAQABAAACAQDtAW3DSCqDQlbJZAp6MedS+1krVCSUpU269bcDH11eRtOzNh5NFXmkNPV5l4dll6zLmaEmtazncb/0OnZMjfCM8rzKrAO9gZSMlOXCgtUGKA3w0Irt/CPhzr/ye3p3J8P2gZvdjiWfGyrPn9REyMJwsgkkVFu8MgxPTUw2Nh1htAm7KkPuwkdQXT4UuYpS6fA8dwq5D1f9T8/zI4+d3tUIzi6AOzYsmAqD9uK34oyp3faAZxoN8A4k+TvAKSIEMddnnW1uH7OkKfuGvlMaKvKPv0P/ey3586KWnQ1AQEnfgSKmEY/B42Vn3i3n/6PCgGfM4M+XtpxAEv+EMVlhALqAgm11XxdgJrd2AzeQ/FxguSM0lkZtCdG1tvYlytcAeraNPc5mE/DlGxBFj5yAdm//vxzprEAJGYIuGIqWaGwjj068jd4Q7wHyyRrmcZ7OQ4wnGtBvklhK7EYj37jagN+iCDrz+MhB1565rGMfhMdvi/3kh2urlh6dfgAWrgSFdaEKk1ql81HklPi1oVGkh4ryGsd9fd6uyB9Rum8uzRsC4F0ZZVul9Au0fmDMTzuLjh00XN98gUv4Swj60HgPx+YMwETbImxb/P4o8AwOywPU3H/+1PtPs0Z2ivPoN/HW2LTecz4SX0fXa918SnUconZwVVqNmoX/67t5mAaU4+13ew== my-ec2-keypair",
            "tags": {},
            "tags_all": {
              "deployment_environment_name": "local",
              "deployment_environment_purpose": "Rapid local experimentation for individual developer",
              "module_name": "app-be-ec2",
              "project_name": "fullstack-playground"
            }
          },
          "sensitive_attributes": [],
          "private": "eyJzY2hlbWFfdmVyc2lvbiI6IjEifQ=="
        }
      ]
    },
    {
      "mode": "managed",
      "type": "aws_launch_template",
      "name": "default_free_tier",
      "provider": "provider[\"registry.terraform.io/hashicorp/aws\"]",
      "instances": [
        {
          "schema_version": 0,
          "attributes": {
            "arn": "arn:aws:ec2:ap-southeast-1:228078008846:launch-template/lt-00d2c5f3869ebcec0",
            "block_device_mappings": [
              {
                "device_name": "/dev/xvda",
                "ebs": [
                  {
                    "delete_on_termination": "true",
                    "encrypted": "false",
                    "iops": 0,
                    "kms_key_id": "",
                    "snapshot_id": "",
                    "throughput": 0,
                    "volume_size": 8,
                    "volume_type": "gp2"
                  }
                ],
                "no_device": "",
                "virtual_name": ""
              }
            ],
            "capacity_reservation_specification": [
              {
                "capacity_reservation_preference": "open",
                "capacity_reservation_target": []
              }
            ],
            "cpu_options": [],
            "credit_specification": [
              {
                "cpu_credits": "standard"
              }
            ],
            "default_version": 1,
            "description": "",
            "disable_api_termination": false,
            "ebs_optimized": "false",
            "elastic_gpu_specifications": [],
            "elastic_inference_accelerator": [],
            "enclave_options": [
              {
                "enabled": false
              }
            ],
            "hibernation_options": [
              {
                "configured": false
              }
            ],
            "iam_instance_profile": [
              {
                "arn": "",
                "name": "test_instance_profile"
              }
            ],
            "id": "lt-00d2c5f3869ebcec0",
            "image_id": "ami-0c802847a7dd848c0",
            "instance_initiated_shutdown_behavior": "stop",
            "instance_market_options": [],
            "instance_requirements": [],
            "instance_type": "t2.micro",
            "kernel_id": "",
            "key_name": "default_keypair",
            "latest_version": 4,
            "license_specification": [],
            "maintenance_options": [
              {
                "auto_recovery": "default"
              }
            ],
            "metadata_options": [
              {
                "http_endpoint": "enabled",
                "http_protocol_ipv6": "disabled",
                "http_put_response_hop_limit": 1,
                "http_tokens": "optional",
                "instance_metadata_tags": "disabled"
              }
            ],
            "monitoring": [
              {
                "enabled": false
              }
            ],
            "name": "test_launch_template",
            "name_prefix": "",
            "network_interfaces": [
              {
                "associate_carrier_ip_address": "",
                "associate_public_ip_address": "true",
                "delete_on_termination": "",
                "description": "",
                "device_index": 0,
                "interface_type": "",
                "ipv4_address_count": 0,
                "ipv4_addresses": [],
                "ipv4_prefix_count": 0,
                "ipv4_prefixes": [],
                "ipv6_address_count": 0,
                "ipv6_addresses": [],
                "ipv6_prefix_count": 0,
                "ipv6_prefixes": [],
                "network_card_index": 0,
                "network_interface_id": "",
                "private_ip_address": "",
                "security_groups": [
                  "sg-0047c90ae1e9e5f89"
                ],
                "subnet_id": ""
              }
            ],
            "placement": [],
            "private_dns_name_options": [],
            "ram_disk_id": "",
            "security_group_names": [],
            "tag_specifications": [
              {
                "resource_type": "instance",
                "tags": {
                  "Name": "test_instance"
                }
              }
            ],
            "tags": {},
            "tags_all": {
              "deployment_environment_name": "local",
              "deployment_environment_purpose": "Rapid local experimentation for individual developer",
              "module_name": "app-be-ec2",
              "project_name": "fullstack-playground"
            },
            "update_default_version": null,
            "user_data": "IyEvYmluL3NoCmVjaG8gSGVsbG8gPj4gfi9pbmRleC5odG1sCmNkIH4KcHVzaGQgfjsgc3VkbyBweXRob24gLW0gU2ltcGxlSFRUUFNlcnZlciA4MDsgcG9wZAo=",
            "vpc_security_group_ids": []
          },
          "sensitive_attributes": [],
          "private": "bnVsbA==",
          "dependencies": [
            "aws_iam_instance_profile.test",
            "aws_iam_role.ec2_test",
            "aws_key_pair.default",
            "data.aws_security_groups.main_vpc_restricted_sg"
          ]
        }
      ]
    }
  ]
}
