{
  "version": 4,
  "terraform_version": "1.2.4",
  "serial": 36,
  "lineage": "93f60fda-3ffa-d58a-6ae9-558c594e93fa",
  "outputs": {
    "main_db_connection": {
      "value": {
        "address": "main-instance-local-fspg-228078008846.cu1bzmyxwrug.ap-southeast-1.rds.amazonaws.com",
        "db_name": "MainDbLocalFspg228078008846",
        "port": 5432
      },
      "type": [
        "object",
        {
          "address": "string",
          "db_name": "string",
          "port": "number"
        }
      ]
    },
    "main_replicas_connection": {
      "value": {},
      "type": [
        "object",
        {}
      ]
    },
    "vpc_ids": {
      "value": [
        "vpc-0264c11ebf1b9a6d2"
      ],
      "type": [
        "list",
        "string"
      ]
    }
  },
  "resources": [
    {
      "mode": "data",
      "type": "aws_subnets",
      "name": "list_private",
      "provider": "provider[\"registry.terraform.io/hashicorp/aws\"]",
      "instances": [
        {
          "schema_version": 0,
          "attributes": {
            "filter": [
              {
                "name": "tag:Name",
                "values": [
                  "*private*"
                ]
              }
            ],
            "id": "ap-southeast-1",
            "ids": [
              "subnet-019f3ffa51de0f5d3",
              "subnet-04a597d21c2b3ca87",
              "subnet-0d11415907481a0de"
            ],
            "tags": {
              "deployment_environment_name": "local",
              "project_name": "fullstack-playground"
            }
          },
          "sensitive_attributes": []
        }
      ]
    },
    {
      "mode": "data",
      "type": "aws_subnets",
      "name": "list_public",
      "provider": "provider[\"registry.terraform.io/hashicorp/aws\"]",
      "instances": [
        {
          "schema_version": 0,
          "attributes": {
            "filter": [
              {
                "name": "tag:Name",
                "values": [
                  "*public*"
                ]
              }
            ],
            "id": "ap-southeast-1",
            "ids": [
              "subnet-08b7d84fd08a315b5",
              "subnet-0ba338e63ad7bc2ca",
              "subnet-01c8c8d219aa76e04"
            ],
            "tags": {
              "deployment_environment_name": "local",
              "project_name": "fullstack-playground"
            }
          },
          "sensitive_attributes": []
        }
      ]
    },
    {
      "mode": "data",
      "type": "aws_vpcs",
      "name": "list",
      "provider": "provider[\"registry.terraform.io/hashicorp/aws\"]",
      "instances": [
        {
          "schema_version": 0,
          "attributes": {
            "filter": null,
            "id": "ap-southeast-1",
            "ids": [
              "vpc-0264c11ebf1b9a6d2"
            ],
            "tags": {
              "deployment_environment_name": "local",
              "project_name": "fullstack-playground"
            }
          },
          "sensitive_attributes": []
        }
      ]
    },
    {
      "mode": "managed",
      "type": "aws_db_instance",
      "name": "main",
      "provider": "provider[\"registry.terraform.io/hashicorp/aws\"]",
      "instances": [
        {
          "schema_version": 1,
          "attributes": {
            "address": "main-instance-local-fspg-228078008846.cu1bzmyxwrug.ap-southeast-1.rds.amazonaws.com",
            "allocated_storage": 5,
            "allow_major_version_upgrade": true,
            "apply_immediately": true,
            "arn": "arn:aws:rds:ap-southeast-1:228078008846:db:main-instance-local-fspg-228078008846",
            "auto_minor_version_upgrade": true,
            "availability_zone": "ap-southeast-1b",
            "backup_retention_period": 35,
            "backup_window": "09:46-10:16",
            "ca_cert_identifier": "rds-ca-2019",
            "character_set_name": "",
            "copy_tags_to_snapshot": true,
            "customer_owned_ip_enabled": false,
            "db_name": "MainDbLocalFspg228078008846",
            "db_subnet_group_name": "main",
            "delete_automated_backups": true,
            "deletion_protection": false,
            "domain": "",
            "domain_iam_role_name": "",
            "enabled_cloudwatch_logs_exports": null,
            "endpoint": "main-instance-local-fspg-228078008846.cu1bzmyxwrug.ap-southeast-1.rds.amazonaws.com:5432",
            "engine": "postgres",
            "engine_version": "14.3",
            "engine_version_actual": "14.3",
            "final_snapshot_identifier": null,
            "hosted_zone_id": "Z2G0U3KFCY8NZ5",
            "iam_database_authentication_enabled": false,
            "id": "main-instance-local-fspg-228078008846",
            "identifier": "main-instance-local-fspg-228078008846",
            "identifier_prefix": "",
            "instance_class": "db.t4g.micro",
            "iops": 0,
            "kms_key_id": "",
            "latest_restorable_time": "2022-08-03T12:02:13Z",
            "license_model": "postgresql-license",
            "maintenance_window": "mon:00:00-mon:03:00",
            "max_allocated_storage": 0,
            "monitoring_interval": 0,
            "monitoring_role_arn": "",
            "multi_az": false,
            "name": "MainDbLocalFspg228078008846",
            "nchar_character_set_name": "",
            "option_group_name": "default:postgres-14",
            "parameter_group_name": "main",
            "password": "localPass!!!52341325",
            "performance_insights_enabled": false,
            "performance_insights_kms_key_id": "",
            "performance_insights_retention_period": 0,
            "port": 5432,
            "publicly_accessible": true,
            "replica_mode": "",
            "replicas": [],
            "replicate_source_db": "",
            "resource_id": "db-Q26JNONBBC2O5XCCU4X5UTZOIE",
            "restore_to_point_in_time": [],
            "s3_import": [],
            "security_group_names": null,
            "skip_final_snapshot": true,
            "snapshot_identifier": null,
            "status": "available",
            "storage_encrypted": false,
            "storage_type": "gp2",
            "tags": null,
            "tags_all": {
              "deployment_environment_name": "local",
              "deployment_environment_purpose": "Rapid local experimentation for individual developer",
              "module_name": "db-rds",
              "project_name": "fullstack-playground"
            },
            "timeouts": {
              "create": "40m",
              "delete": "1h",
              "update": "80m"
            },
            "timezone": "",
            "username": "master_db_user",
            "vpc_security_group_ids": [
              "sg-067143068a2d84e3f"
            ]
          },
          "sensitive_attributes": [
            [
              {
                "type": "get_attr",
                "value": "password"
              }
            ],
            [
              {
                "type": "get_attr",
                "value": "username"
              }
            ]
          ],
          "private": "eyJlMmJmYjczMC1lY2FhLTExZTYtOGY4OC0zNDM2M2JjN2M0YzAiOnsiY3JlYXRlIjoyNDAwMDAwMDAwMDAwLCJkZWxldGUiOjM2MDAwMDAwMDAwMDAsInVwZGF0ZSI6NDgwMDAwMDAwMDAwMH0sInNjaGVtYV92ZXJzaW9uIjoiMSJ9",
          "dependencies": [
            "aws_db_parameter_group.main",
            "aws_db_subnet_group.main",
            "aws_security_group.rds"
          ]
        }
      ]
    },
    {
      "mode": "managed",
      "type": "aws_db_parameter_group",
      "name": "main",
      "provider": "provider[\"registry.terraform.io/hashicorp/aws\"]",
      "instances": [
        {
          "schema_version": 0,
          "attributes": {
            "arn": "arn:aws:rds:ap-southeast-1:228078008846:pg:main",
            "description": "Main RDS subnet group",
            "family": "postgres14",
            "id": "main",
            "name": "main",
            "name_prefix": null,
            "parameter": [
              {
                "apply_method": "immediate",
                "name": "log_connections",
                "value": "1"
              }
            ],
            "tags": {},
            "tags_all": {
              "deployment_environment_name": "local",
              "deployment_environment_purpose": "Rapid local experimentation for individual developer",
              "module_name": "db-rds",
              "project_name": "fullstack-playground"
            }
          },
          "sensitive_attributes": [],
          "private": "bnVsbA=="
        }
      ]
    },
    {
      "mode": "managed",
      "type": "aws_db_subnet_group",
      "name": "main",
      "provider": "provider[\"registry.terraform.io/hashicorp/aws\"]",
      "instances": [
        {
          "schema_version": 0,
          "attributes": {
            "arn": "arn:aws:rds:ap-southeast-1:228078008846:subgrp:main",
            "description": "Main RDS subnet group",
            "id": "main",
            "name": "main",
            "name_prefix": null,
            "subnet_ids": [
              "subnet-01c8c8d219aa76e04",
              "subnet-08b7d84fd08a315b5",
              "subnet-0ba338e63ad7bc2ca"
            ],
            "tags": {},
            "tags_all": {
              "deployment_environment_name": "local",
              "deployment_environment_purpose": "Rapid local experimentation for individual developer",
              "module_name": "db-rds",
              "project_name": "fullstack-playground"
            }
          },
          "sensitive_attributes": [],
          "private": "bnVsbA==",
          "dependencies": [
            "data.aws_subnets.list_private",
            "data.aws_subnets.list_public"
          ]
        }
      ]
    },
    {
      "mode": "managed",
      "type": "aws_security_group",
      "name": "rds",
      "provider": "provider[\"registry.terraform.io/hashicorp/aws\"]",
      "instances": [
        {
          "schema_version": 1,
          "attributes": {
            "arn": "arn:aws:ec2:ap-southeast-1:228078008846:security-group/sg-067143068a2d84e3f",
            "description": "Managed by Terraform",
            "egress": [
              {
                "cidr_blocks": [
                  "0.0.0.0/0"
                ],
                "description": "",
                "from_port": 5432,
                "ipv6_cidr_blocks": [],
                "prefix_list_ids": [],
                "protocol": "tcp",
                "security_groups": [],
                "self": false,
                "to_port": 5432
              }
            ],
            "id": "sg-067143068a2d84e3f",
            "ingress": [
              {
                "cidr_blocks": [
                  "0.0.0.0/0"
                ],
                "description": "",
                "from_port": 5432,
                "ipv6_cidr_blocks": [],
                "prefix_list_ids": [],
                "protocol": "tcp",
                "security_groups": [],
                "self": false,
                "to_port": 5432
              }
            ],
            "name": "rds_sg",
            "name_prefix": "",
            "owner_id": "228078008846",
            "revoke_rules_on_delete": false,
            "tags": {},
            "tags_all": {
              "deployment_environment_name": "local",
              "deployment_environment_purpose": "Rapid local experimentation for individual developer",
              "module_name": "db-rds",
              "project_name": "fullstack-playground"
            },
            "timeouts": null,
            "vpc_id": "vpc-0264c11ebf1b9a6d2"
          },
          "sensitive_attributes": [],
          "private": "eyJlMmJmYjczMC1lY2FhLTExZTYtOGY4OC0zNDM2M2JjN2M0YzAiOnsiY3JlYXRlIjo2MDAwMDAwMDAwMDAsImRlbGV0ZSI6OTAwMDAwMDAwMDAwfSwic2NoZW1hX3ZlcnNpb24iOiIxIn0=",
          "dependencies": [
            "data.aws_vpcs.list"
          ]
        }
      ]
    }
  ]
}
